
Microsoft Visual Studio Solution File, Format Version 12.00
# Visual Studio 15
VisualStudioVersion = 15.0.28307.168
MinimumVisualStudioVersion = 10.0.40219.1
Project("{FAE04EC0-301F-11D3-BF4B-00C04F79EFBC}") = "WF1", "WF1\WF1.csproj", "{ACA2753D-3EE0-4107-91D3-05EE0F5F22CE}"
EndProject
Global
	GlobalSection(SolutionConfigurationPlatforms) = preSolution
		Debug|Any CPU = Debug|Any CPU
		Release|Any CPU = Release|Any CPU
	EndGlobalSection
	GlobalSection(ProjectConfigurationPlatforms) = postSolution
		{ACA2753D-3EE0-4107-91D3-05EE0F5F22CE}.Debug|Any CPU.ActiveCfg = Debug|Any CPU
		{ACA2753D-3EE0-4107-91D3-05EE0F5F22CE}.Debug|Any CPU.Build.0 = Debug|Any CPU
		{ACA2753D-3EE0-4107-91D3-05EE0F5F22CE}.Release|Any CPU.ActiveCfg = Release|Any CPU
		{ACA2753D-3EE0-4107-91D3-05EE0F5F22CE}.Release|Any CPU.Build.0 = Release|Any CPU
	EndGlobalSection
	GlobalSection(SolutionProperties) = preSolution
		HideSolutionNode = FALSE
	EndGlobalSection
	GlobalSection(ExtensibilityGlobals) = postSolution
		SolutionGuid = {B42C3D0A-DE01-4364-902A-799D5F38F27E}
	EndGlobalSection
EndGlobal
